
Microsoft Visual Studio Solution File, Format Version 12.00
# Visual Studio Version 16
VisualStudioVersion = 16.0.30611.23
MinimumVisualStudioVersion = 10.0.40219.1
Project("{FAE04EC0-301F-11D3-BF4B-00C04F79EFBC}") = "BillardHome", "BillardHome\BillardHome.csproj", "{C2905BFE-DD53-4B56-8C23-162940AD7BE3}"
EndProject
Global
	GlobalSection(SolutionConfigurationPlatforms) = preSolution
		Debug|Any CPU = Debug|Any CPU
		Release|Any CPU = Release|Any CPU
	EndGlobalSection
	GlobalSection(ProjectConfigurationPlatforms) = postSolution
		{C2905BFE-DD53-4B56-8C23-162940AD7BE3}.Debug|Any CPU.ActiveCfg = Debug|Any CPU
		{C2905BFE-DD53-4B56-8C23-162940AD7BE3}.Debug|Any CPU.Build.0 = Debug|Any CPU
		{C2905BFE-DD53-4B56-8C23-162940AD7BE3}.Release|Any CPU.ActiveCfg = Release|Any CPU
		{C2905BFE-DD53-4B56-8C23-162940AD7BE3}.Release|Any CPU.Build.0 = Release|Any CPU
	EndGlobalSection
	GlobalSection(SolutionProperties) = preSolution
		HideSolutionNode = FALSE
	EndGlobalSection
	GlobalSection(ExtensibilityGlobals) = postSolution
		SolutionGuid = {35413B9C-8288-4D22-A600-6D5DECF8E4BE}
	EndGlobalSection
EndGlobal
